// !$*UTF8*$!
{
	archiveVersion = 1;
	classes = {
	};
	objectVersion = 56;
	objects = {

/* Begin PBXBuildFile section */
		1546C075571D35341768FB36 /* awsconfiguration.json in Resources */ = {isa = PBXBuildFile; fileRef = 1F00CB4B3E856C2D1EB04D8E /* awsconfiguration.json */; };
		3ADB463F05D33595A952BAD8 /* Pods_SkateSpotsMap.framework in Frameworks */ = {isa = PBXBuildFile; fileRef = C43A3B6D12EF0C80049540E1 /* Pods_SkateSpotsMap.framework */; };
		530C34D634A43A806452F735 /* amplifyconfiguration.json in Resources */ = {isa = PBXBuildFile; fileRef = 1C2D37DB6D16459E37651F20 /* amplifyconfiguration.json */; };
		57266D952AFA9D0000DD9C69 /* AppView.swift in Sources */ = {isa = PBXBuildFile; fileRef = 57266D942AFA9D0000DD9C69 /* AppView.swift */; };
		57266D972AFA9D1200DD9C69 /* MapView.swift in Sources */ = {isa = PBXBuildFile; fileRef = 57266D962AFA9D1200DD9C69 /* MapView.swift */; };
		57266D992AFA9D1C00DD9C69 /* SearchBarView.swift in Sources */ = {isa = PBXBuildFile; fileRef = 57266D982AFA9D1C00DD9C69 /* SearchBarView.swift */; };
		57266D9B2AFA9D2700DD9C69 /* NewSkateSpotView.swift in Sources */ = {isa = PBXBuildFile; fileRef = 57266D9A2AFA9D2700DD9C69 /* NewSkateSpotView.swift */; };
		57266D9D2AFA9D2F00DD9C69 /* SearchSpotsView.swift in Sources */ = {isa = PBXBuildFile; fileRef = 57266D9C2AFA9D2F00DD9C69 /* SearchSpotsView.swift */; };
		57266D9F2AFA9D3A00DD9C69 /* SkateSpotRowView.swift in Sources */ = {isa = PBXBuildFile; fileRef = 57266D9E2AFA9D3A00DD9C69 /* SkateSpotRowView.swift */; };
		57266DA12AFA9D4200DD9C69 /* SkateSpotDetailView.swift in Sources */ = {isa = PBXBuildFile; fileRef = 57266DA02AFA9D4200DD9C69 /* SkateSpotDetailView.swift */; };
		57266DA32AFA9D4B00DD9C69 /* ReviewListView.swift in Sources */ = {isa = PBXBuildFile; fileRef = 57266DA22AFA9D4B00DD9C69 /* ReviewListView.swift */; };
		57266DA52AFA9D5500DD9C69 /* NewReviewView.swift in Sources */ = {isa = PBXBuildFile; fileRef = 57266DA42AFA9D5500DD9C69 /* NewReviewView.swift */; };
		57266DB02AFAA6C400DD9C69 /* SkateSpotViewModel.swift in Sources */ = {isa = PBXBuildFile; fileRef = 57266DAF2AFAA6C400DD9C69 /* SkateSpotViewModel.swift */; };
		57266DB22AFAA6D100DD9C69 /* ReviewViewModel.swift in Sources */ = {isa = PBXBuildFile; fileRef = 57266DB12AFAA6D100DD9C69 /* ReviewViewModel.swift */; };
		57266DB42AFAA6D900DD9C69 /* UserViewModel.swift in Sources */ = {isa = PBXBuildFile; fileRef = 57266DB32AFAA6D900DD9C69 /* UserViewModel.swift */; };
		657B429F2AF9F4E800785EBF /* Tag.swift in Sources */ = {isa = PBXBuildFile; fileRef = 657B429E2AF9F4E800785EBF /* Tag.swift */; };
		657B42A12AF9F79700785EBF /* Reviewer.swift in Sources */ = {isa = PBXBuildFile; fileRef = 657B42A02AF9F79700785EBF /* Reviewer.swift */; };
		657B42A32AF9F99800785EBF /* Review.swift in Sources */ = {isa = PBXBuildFile; fileRef = 657B42A22AF9F99800785EBF /* Review.swift */; };
		657B42A52AFA00F500785EBF /* User.swift in Sources */ = {isa = PBXBuildFile; fileRef = 657B42A42AFA00F500785EBF /* User.swift */; };
		657B42A72AFA032400785EBF /* UserRepository.swift in Sources */ = {isa = PBXBuildFile; fileRef = 657B42A62AFA032400785EBF /* UserRepository.swift */; };
		9636CE192AF35F5700F014C5 /* SkateSpotsMapApp.swift in Sources */ = {isa = PBXBuildFile; fileRef = 9636CE182AF35F5700F014C5 /* SkateSpotsMapApp.swift */; };
		9636CE1B2AF35F5700F014C5 /* ContentView.swift in Sources */ = {isa = PBXBuildFile; fileRef = 9636CE1A2AF35F5700F014C5 /* ContentView.swift */; };
		9636CE1D2AF35F6300F014C5 /* Assets.xcassets in Resources */ = {isa = PBXBuildFile; fileRef = 9636CE1C2AF35F6300F014C5 /* Assets.xcassets */; };
		9636CE202AF35F6300F014C5 /* Preview Assets.xcassets in Resources */ = {isa = PBXBuildFile; fileRef = 9636CE1F2AF35F6300F014C5 /* Preview Assets.xcassets */; };
		9636CE2A2AF35F6500F014C5 /* SkateSpotsMapTests.swift in Sources */ = {isa = PBXBuildFile; fileRef = 9636CE292AF35F6500F014C5 /* SkateSpotsMapTests.swift */; };
		965283402AF977C800E7299E /* Feature.swift in Sources */ = {isa = PBXBuildFile; fileRef = 9652833F2AF977C800E7299E /* Feature.swift */; };
		965283422AF978D100E7299E /* Kickout.swift in Sources */ = {isa = PBXBuildFile; fileRef = 965283412AF978D100E7299E /* Kickout.swift */; };
		96645AE22AF492B80017C298 /* GoogleService-Info.plist in Resources */ = {isa = PBXBuildFile; fileRef = 96645AE12AF492B70017C298 /* GoogleService-Info.plist */; };
		9699E6302AF370A200EF7FC2 /* AppDelegate.swift in Sources */ = {isa = PBXBuildFile; fileRef = 9699E62F2AF370A200EF7FC2 /* AppDelegate.swift */; };
		9699E6322AF373E100EF7FC2 /* GoogleMapView.swift in Sources */ = {isa = PBXBuildFile; fileRef = 9699E6312AF373E100EF7FC2 /* GoogleMapView.swift */; };
		96D22F962AF6EF1F00657EF2 /* SkateSpotRepository.swift in Sources */ = {isa = PBXBuildFile; fileRef = 96D22F952AF6EF1F00657EF2 /* SkateSpotRepository.swift */; };
		96D22F982AF6FBA600657EF2 /* SkateSpot.swift in Sources */ = {isa = PBXBuildFile; fileRef = 96D22F972AF6FBA600657EF2 /* SkateSpot.swift */; };
/* End PBXBuildFile section */

/* Begin PBXContainerItemProxy section */
		9636CE262AF35F6500F014C5 /* PBXContainerItemProxy */ = {
			isa = PBXContainerItemProxy;
			containerPortal = 9636CE0D2AF35F5700F014C5 /* Project object */;
			proxyType = 1;
			remoteGlobalIDString = 9636CE142AF35F5700F014C5;
			remoteInfo = SkateSpotsMap;
		};
		9636CE302AF35F6500F014C5 /* PBXContainerItemProxy */ = {
			isa = PBXContainerItemProxy;
			containerPortal = 9636CE0D2AF35F5700F014C5 /* Project object */;
			proxyType = 1;
			remoteGlobalIDString = 9636CE142AF35F5700F014C5;
			remoteInfo = SkateSpotsMap;
		};
/* End PBXContainerItemProxy section */

/* Begin PBXFileReference section */
		11D57FF5577BA985F5BF563C /* Pods-SkateSpotsMap.release.xcconfig */ = {isa = PBXFileReference; includeInIndex = 1; lastKnownFileType = text.xcconfig; name = "Pods-SkateSpotsMap.release.xcconfig"; path = "Target Support Files/Pods-SkateSpotsMap/Pods-SkateSpotsMap.release.xcconfig"; sourceTree = "<group>"; };
		1C2D37DB6D16459E37651F20 /* amplifyconfiguration.json */ = {isa = PBXFileReference; explicitFileType = text.json; path = amplifyconfiguration.json; sourceTree = "<group>"; };
		1F00CB4B3E856C2D1EB04D8E /* awsconfiguration.json */ = {isa = PBXFileReference; explicitFileType = text.json; path = awsconfiguration.json; sourceTree = "<group>"; };
		3AD1F795D6D71255438CF639 /* Pods-SkateSpotsMap.debug.xcconfig */ = {isa = PBXFileReference; includeInIndex = 1; lastKnownFileType = text.xcconfig; name = "Pods-SkateSpotsMap.debug.xcconfig"; path = "Target Support Files/Pods-SkateSpotsMap/Pods-SkateSpotsMap.debug.xcconfig"; sourceTree = "<group>"; };
		57266D942AFA9D0000DD9C69 /* AppView.swift */ = {isa = PBXFileReference; lastKnownFileType = sourcecode.swift; path = AppView.swift; sourceTree = "<group>"; };
		57266D962AFA9D1200DD9C69 /* MapView.swift */ = {isa = PBXFileReference; lastKnownFileType = sourcecode.swift; path = MapView.swift; sourceTree = "<group>"; };
		57266D982AFA9D1C00DD9C69 /* SearchBarView.swift */ = {isa = PBXFileReference; lastKnownFileType = sourcecode.swift; path = SearchBarView.swift; sourceTree = "<group>"; };
		57266D9A2AFA9D2700DD9C69 /* NewSkateSpotView.swift */ = {isa = PBXFileReference; lastKnownFileType = sourcecode.swift; path = NewSkateSpotView.swift; sourceTree = "<group>"; };
		57266D9C2AFA9D2F00DD9C69 /* SearchSpotsView.swift */ = {isa = PBXFileReference; lastKnownFileType = sourcecode.swift; path = SearchSpotsView.swift; sourceTree = "<group>"; };
		57266D9E2AFA9D3A00DD9C69 /* SkateSpotRowView.swift */ = {isa = PBXFileReference; lastKnownFileType = sourcecode.swift; path = SkateSpotRowView.swift; sourceTree = "<group>"; };
		57266DA02AFA9D4200DD9C69 /* SkateSpotDetailView.swift */ = {isa = PBXFileReference; lastKnownFileType = sourcecode.swift; path = SkateSpotDetailView.swift; sourceTree = "<group>"; };
		57266DA22AFA9D4B00DD9C69 /* ReviewListView.swift */ = {isa = PBXFileReference; lastKnownFileType = sourcecode.swift; path = ReviewListView.swift; sourceTree = "<group>"; };
		57266DA42AFA9D5500DD9C69 /* NewReviewView.swift */ = {isa = PBXFileReference; lastKnownFileType = sourcecode.swift; path = NewReviewView.swift; sourceTree = "<group>"; };
		57266DAF2AFAA6C400DD9C69 /* SkateSpotViewModel.swift */ = {isa = PBXFileReference; lastKnownFileType = sourcecode.swift; path = SkateSpotViewModel.swift; sourceTree = "<group>"; };
		57266DB12AFAA6D100DD9C69 /* ReviewViewModel.swift */ = {isa = PBXFileReference; lastKnownFileType = sourcecode.swift; path = ReviewViewModel.swift; sourceTree = "<group>"; };
		57266DB32AFAA6D900DD9C69 /* UserViewModel.swift */ = {isa = PBXFileReference; lastKnownFileType = sourcecode.swift; path = UserViewModel.swift; sourceTree = "<group>"; };
		657B429E2AF9F4E800785EBF /* Tag.swift */ = {isa = PBXFileReference; lastKnownFileType = sourcecode.swift; path = Tag.swift; sourceTree = "<group>"; };
		657B42A02AF9F79700785EBF /* Reviewer.swift */ = {isa = PBXFileReference; lastKnownFileType = sourcecode.swift; path = Reviewer.swift; sourceTree = "<group>"; };
		657B42A22AF9F99800785EBF /* Review.swift */ = {isa = PBXFileReference; lastKnownFileType = sourcecode.swift; path = Review.swift; sourceTree = "<group>"; };
		657B42A42AFA00F500785EBF /* User.swift */ = {isa = PBXFileReference; lastKnownFileType = sourcecode.swift; path = User.swift; sourceTree = "<group>"; };
		657B42A62AFA032400785EBF /* UserRepository.swift */ = {isa = PBXFileReference; lastKnownFileType = sourcecode.swift; path = UserRepository.swift; sourceTree = "<group>"; };
		9636CE152AF35F5700F014C5 /* SkateSpotsMap.app */ = {isa = PBXFileReference; explicitFileType = wrapper.application; includeInIndex = 0; path = SkateSpotsMap.app; sourceTree = BUILT_PRODUCTS_DIR; };
		9636CE182AF35F5700F014C5 /* SkateSpotsMapApp.swift */ = {isa = PBXFileReference; lastKnownFileType = sourcecode.swift; path = SkateSpotsMapApp.swift; sourceTree = "<group>"; };
		9636CE1A2AF35F5700F014C5 /* ContentView.swift */ = {isa = PBXFileReference; lastKnownFileType = sourcecode.swift; path = ContentView.swift; sourceTree = "<group>"; };
		9636CE1C2AF35F6300F014C5 /* Assets.xcassets */ = {isa = PBXFileReference; lastKnownFileType = folder.assetcatalog; path = Assets.xcassets; sourceTree = "<group>"; };
		9636CE1F2AF35F6300F014C5 /* Preview Assets.xcassets */ = {isa = PBXFileReference; lastKnownFileType = folder.assetcatalog; path = "Preview Assets.xcassets"; sourceTree = "<group>"; };
		9636CE252AF35F6500F014C5 /* SkateSpotsMapTests.xctest */ = {isa = PBXFileReference; explicitFileType = wrapper.cfbundle; includeInIndex = 0; path = SkateSpotsMapTests.xctest; sourceTree = BUILT_PRODUCTS_DIR; };
		9636CE292AF35F6500F014C5 /* SkateSpotsMapTests.swift */ = {isa = PBXFileReference; lastKnownFileType = sourcecode.swift; path = SkateSpotsMapTests.swift; sourceTree = "<group>"; };
		9636CE2F2AF35F6500F014C5 /* SkateSpotsMapUITests.xctest */ = {isa = PBXFileReference; explicitFileType = wrapper.cfbundle; includeInIndex = 0; path = SkateSpotsMapUITests.xctest; sourceTree = BUILT_PRODUCTS_DIR; };
		9636CE422AF368ED00F014C5 /* Info.plist */ = {isa = PBXFileReference; lastKnownFileType = text.plist; path = Info.plist; sourceTree = "<group>"; };
		9652833F2AF977C800E7299E /* Feature.swift */ = {isa = PBXFileReference; lastKnownFileType = sourcecode.swift; path = Feature.swift; sourceTree = "<group>"; };
		965283412AF978D100E7299E /* Kickout.swift */ = {isa = PBXFileReference; lastKnownFileType = sourcecode.swift; path = Kickout.swift; sourceTree = "<group>"; };
		96645AE12AF492B70017C298 /* GoogleService-Info.plist */ = {isa = PBXFileReference; fileEncoding = 4; lastKnownFileType = text.plist.xml; path = "GoogleService-Info.plist"; sourceTree = "<group>"; };
		9699E62F2AF370A200EF7FC2 /* AppDelegate.swift */ = {isa = PBXFileReference; lastKnownFileType = sourcecode.swift; path = AppDelegate.swift; sourceTree = "<group>"; };
		9699E6312AF373E100EF7FC2 /* GoogleMapView.swift */ = {isa = PBXFileReference; lastKnownFileType = sourcecode.swift; path = GoogleMapView.swift; sourceTree = "<group>"; };
		96D22F952AF6EF1F00657EF2 /* SkateSpotRepository.swift */ = {isa = PBXFileReference; lastKnownFileType = sourcecode.swift; path = SkateSpotRepository.swift; sourceTree = "<group>"; };
		96D22F972AF6FBA600657EF2 /* SkateSpot.swift */ = {isa = PBXFileReference; lastKnownFileType = sourcecode.swift; path = SkateSpot.swift; sourceTree = "<group>"; };
		C43A3B6D12EF0C80049540E1 /* Pods_SkateSpotsMap.framework */ = {isa = PBXFileReference; explicitFileType = wrapper.framework; includeInIndex = 0; path = Pods_SkateSpotsMap.framework; sourceTree = BUILT_PRODUCTS_DIR; };
/* End PBXFileReference section */

/* Begin PBXFrameworksBuildPhase section */
		9636CE122AF35F5700F014C5 /* Frameworks */ = {
			isa = PBXFrameworksBuildPhase;
			buildActionMask = 2147483647;
			files = (
				3ADB463F05D33595A952BAD8 /* Pods_SkateSpotsMap.framework in Frameworks */,
			);
			runOnlyForDeploymentPostprocessing = 0;
		};
		9636CE222AF35F6500F014C5 /* Frameworks */ = {
			isa = PBXFrameworksBuildPhase;
			buildActionMask = 2147483647;
			files = (
			);
			runOnlyForDeploymentPostprocessing = 0;
		};
		9636CE2C2AF35F6500F014C5 /* Frameworks */ = {
			isa = PBXFrameworksBuildPhase;
			buildActionMask = 2147483647;
			files = (
			);
			runOnlyForDeploymentPostprocessing = 0;
		};
/* End PBXFrameworksBuildPhase section */

/* Begin PBXGroup section */
		3FBAE14E9A653BF5A9DB3D22 /* Frameworks */ = {
			isa = PBXGroup;
			children = (
				C43A3B6D12EF0C80049540E1 /* Pods_SkateSpotsMap.framework */,
			);
			name = Frameworks;
			sourceTree = "<group>";
		};
		4A1C6FF1A267805FBACBDB9C /* AmplifyConfig */ = {
			isa = PBXGroup;
			children = (
				1F00CB4B3E856C2D1EB04D8E /* awsconfiguration.json */,
				1C2D37DB6D16459E37651F20 /* amplifyconfiguration.json */,
			);
			name = AmplifyConfig;
			sourceTree = "<group>";
		};
		57266DA62AFA9D6700DD9C69 /* Search */ = {
			isa = PBXGroup;
			children = (
				57266D982AFA9D1C00DD9C69 /* SearchBarView.swift */,
				57266D9C2AFA9D2F00DD9C69 /* SearchSpotsView.swift */,
			);
			path = Search;
			sourceTree = "<group>";
		};
		57266DA72AFA9D9F00DD9C69 /* Reviews */ = {
			isa = PBXGroup;
			children = (
				57266DA22AFA9D4B00DD9C69 /* ReviewListView.swift */,
				57266DA42AFA9D5500DD9C69 /* NewReviewView.swift */,
			);
			path = Reviews;
			sourceTree = "<group>";
		};
		57266DA82AFA9DA800DD9C69 /* SkateSpot */ = {
			isa = PBXGroup;
			children = (
				57266D9A2AFA9D2700DD9C69 /* NewSkateSpotView.swift */,
				57266D9E2AFA9D3A00DD9C69 /* SkateSpotRowView.swift */,
				57266DA02AFA9D4200DD9C69 /* SkateSpotDetailView.swift */,
			);
			path = SkateSpot;
			sourceTree = "<group>";
		};
		9636CE0C2AF35F5700F014C5 = {
			isa = PBXGroup;
			children = (
				9636CE172AF35F5700F014C5 /* SkateSpotsMap */,
				9636CE282AF35F6500F014C5 /* SkateSpotsMapTests */,
				9636CE162AF35F5700F014C5 /* Products */,
				C58B1ED02CC91BF54F71B84A /* Pods */,
				3FBAE14E9A653BF5A9DB3D22 /* Frameworks */,
				4A1C6FF1A267805FBACBDB9C /* AmplifyConfig */,
			);
			sourceTree = "<group>";
		};
		9636CE162AF35F5700F014C5 /* Products */ = {
			isa = PBXGroup;
			children = (
				9636CE152AF35F5700F014C5 /* SkateSpotsMap.app */,
				9636CE252AF35F6500F014C5 /* SkateSpotsMapTests.xctest */,
				9636CE2F2AF35F6500F014C5 /* SkateSpotsMapUITests.xctest */,
			);
			name = Products;
			sourceTree = "<group>";
		};
		9636CE172AF35F5700F014C5 /* SkateSpotsMap */ = {
			isa = PBXGroup;
			children = (
				968271C02AF6E222008A5994 /* Models */,
				968271C12AF6E222008A5994 /* ViewModels */,
				968271C22AF6E222008A5994 /* Views */,
				968271BF2AF6E108008A5994 /* DataRepositories */,
				96645AE12AF492B70017C298 /* GoogleService-Info.plist */,
				9636CE422AF368ED00F014C5 /* Info.plist */,
				9636CE182AF35F5700F014C5 /* SkateSpotsMapApp.swift */,
				9636CE1A2AF35F5700F014C5 /* ContentView.swift */,
				9636CE1C2AF35F6300F014C5 /* Assets.xcassets */,
				9636CE1E2AF35F6300F014C5 /* Preview Content */,
				9699E62F2AF370A200EF7FC2 /* AppDelegate.swift */,
			);
			path = SkateSpotsMap;
			sourceTree = "<group>";
		};
		9636CE1E2AF35F6300F014C5 /* Preview Content */ = {
			isa = PBXGroup;
			children = (
				9636CE1F2AF35F6300F014C5 /* Preview Assets.xcassets */,
			);
			path = "Preview Content";
			sourceTree = "<group>";
		};
		9636CE282AF35F6500F014C5 /* SkateSpotsMapTests */ = {
			isa = PBXGroup;
			children = (
				9636CE292AF35F6500F014C5 /* SkateSpotsMapTests.swift */,
			);
			path = SkateSpotsMapTests;
			sourceTree = "<group>";
		};
		968271BF2AF6E108008A5994 /* DataRepositories */ = {
			isa = PBXGroup;
			children = (
				96D22F952AF6EF1F00657EF2 /* SkateSpotRepository.swift */,
				657B42A62AFA032400785EBF /* UserRepository.swift */,
			);
			path = DataRepositories;
			sourceTree = "<group>";
		};
		968271C02AF6E222008A5994 /* Models */ = {
			isa = PBXGroup;
			children = (
				96D22F972AF6FBA600657EF2 /* SkateSpot.swift */,
				9652833F2AF977C800E7299E /* Feature.swift */,
				965283412AF978D100E7299E /* Kickout.swift */,
				657B429E2AF9F4E800785EBF /* Tag.swift */,
				657B42A02AF9F79700785EBF /* Reviewer.swift */,
				657B42A22AF9F99800785EBF /* Review.swift */,
				657B42A42AFA00F500785EBF /* User.swift */,
			);
			path = Models;
			sourceTree = "<group>";
		};
		968271C12AF6E222008A5994 /* ViewModels */ = {
			isa = PBXGroup;
			children = (
				57266DAF2AFAA6C400DD9C69 /* SkateSpotViewModel.swift */,
				57266DB12AFAA6D100DD9C69 /* ReviewViewModel.swift */,
				57266DB32AFAA6D900DD9C69 /* UserViewModel.swift */,
			);
			path = ViewModels;
			sourceTree = "<group>";
		};
		968271C22AF6E222008A5994 /* Views */ = {
			isa = PBXGroup;
			children = (
				57266DA82AFA9DA800DD9C69 /* SkateSpot */,
				57266DA62AFA9D6700DD9C69 /* Search */,
				57266DA72AFA9D9F00DD9C69 /* Reviews */,
				9699E6312AF373E100EF7FC2 /* GoogleMapView.swift */,
				57266D942AFA9D0000DD9C69 /* AppView.swift */,
				57266D962AFA9D1200DD9C69 /* MapView.swift */,
			);
			path = Views;
			sourceTree = "<group>";
		};
		C58B1ED02CC91BF54F71B84A /* Pods */ = {
			isa = PBXGroup;
			children = (
				3AD1F795D6D71255438CF639 /* Pods-SkateSpotsMap.debug.xcconfig */,
				11D57FF5577BA985F5BF563C /* Pods-SkateSpotsMap.release.xcconfig */,
			);
			path = Pods;
			sourceTree = "<group>";
		};
/* End PBXGroup section */

/* Begin PBXNativeTarget section */
		9636CE142AF35F5700F014C5 /* SkateSpotsMap */ = {
			isa = PBXNativeTarget;
			buildConfigurationList = 9636CE392AF35F6500F014C5 /* Build configuration list for PBXNativeTarget "SkateSpotsMap" */;
			buildPhases = (
				9F6FE3C1DEE7AAB4ED0EEA64 /* [CP] Check Pods Manifest.lock */,
				9636CE112AF35F5700F014C5 /* Sources */,
				9636CE122AF35F5700F014C5 /* Frameworks */,
				9636CE132AF35F5700F014C5 /* Resources */,
				8B70FA2B00DC4575B8AAA34C /* [CP] Copy Pods Resources */,
			);
			buildRules = (
			);
			dependencies = (
			);
			name = SkateSpotsMap;
			productName = SkateSpotsMap;
			productReference = 9636CE152AF35F5700F014C5 /* SkateSpotsMap.app */;
			productType = "com.apple.product-type.application";
		};
		9636CE242AF35F6500F014C5 /* SkateSpotsMapTests */ = {
			isa = PBXNativeTarget;
			buildConfigurationList = 9636CE3C2AF35F6500F014C5 /* Build configuration list for PBXNativeTarget "SkateSpotsMapTests" */;
			buildPhases = (
				9636CE212AF35F6500F014C5 /* Sources */,
				9636CE222AF35F6500F014C5 /* Frameworks */,
				9636CE232AF35F6500F014C5 /* Resources */,
			);
			buildRules = (
			);
			dependencies = (
				9636CE272AF35F6500F014C5 /* PBXTargetDependency */,
			);
			name = SkateSpotsMapTests;
			productName = SkateSpotsMapTests;
			productReference = 9636CE252AF35F6500F014C5 /* SkateSpotsMapTests.xctest */;
			productType = "com.apple.product-type.bundle.unit-test";
		};
		9636CE2E2AF35F6500F014C5 /* SkateSpotsMapUITests */ = {
			isa = PBXNativeTarget;
			buildConfigurationList = 9636CE3F2AF35F6500F014C5 /* Build configuration list for PBXNativeTarget "SkateSpotsMapUITests" */;
			buildPhases = (
				9636CE2B2AF35F6500F014C5 /* Sources */,
				9636CE2C2AF35F6500F014C5 /* Frameworks */,
				9636CE2D2AF35F6500F014C5 /* Resources */,
			);
			buildRules = (
			);
			dependencies = (
				9636CE312AF35F6500F014C5 /* PBXTargetDependency */,
			);
			name = SkateSpotsMapUITests;
			productName = SkateSpotsMapUITests;
			productReference = 9636CE2F2AF35F6500F014C5 /* SkateSpotsMapUITests.xctest */;
			productType = "com.apple.product-type.bundle.ui-testing";
		};
/* End PBXNativeTarget section */

/* Begin PBXProject section */
		9636CE0D2AF35F5700F014C5 /* Project object */ = {
			isa = PBXProject;
			attributes = {
				BuildIndependentTargetsInParallel = 1;
				LastSwiftUpdateCheck = 1420;
				LastUpgradeCheck = 1420;
				TargetAttributes = {
					9636CE142AF35F5700F014C5 = {
						CreatedOnToolsVersion = 14.2;
					};
					9636CE242AF35F6500F014C5 = {
						CreatedOnToolsVersion = 14.2;
						TestTargetID = 9636CE142AF35F5700F014C5;
					};
					9636CE2E2AF35F6500F014C5 = {
						CreatedOnToolsVersion = 14.2;
						TestTargetID = 9636CE142AF35F5700F014C5;
					};
				};
			};
			buildConfigurationList = 9636CE102AF35F5700F014C5 /* Build configuration list for PBXProject "SkateSpotsMap" */;
			compatibilityVersion = "Xcode 14.0";
			developmentRegion = en;
			hasScannedForEncodings = 0;
			knownRegions = (
				en,
				Base,
			);
			mainGroup = 9636CE0C2AF35F5700F014C5;
			productRefGroup = 9636CE162AF35F5700F014C5 /* Products */;
			projectDirPath = "";
			projectRoot = "";
			targets = (
				9636CE142AF35F5700F014C5 /* SkateSpotsMap */,
				9636CE242AF35F6500F014C5 /* SkateSpotsMapTests */,
				9636CE2E2AF35F6500F014C5 /* SkateSpotsMapUITests */,
			);
		};
/* End PBXProject section */

/* Begin PBXResourcesBuildPhase section */
		9636CE132AF35F5700F014C5 /* Resources */ = {
			isa = PBXResourcesBuildPhase;
			buildActionMask = 2147483647;
			files = (
				9636CE202AF35F6300F014C5 /* Preview Assets.xcassets in Resources */,
				9636CE1D2AF35F6300F014C5 /* Assets.xcassets in Resources */,
				96645AE22AF492B80017C298 /* GoogleService-Info.plist in Resources */,
				1546C075571D35341768FB36 /* awsconfiguration.json in Resources */,
				530C34D634A43A806452F735 /* amplifyconfiguration.json in Resources */,
			);
			runOnlyForDeploymentPostprocessing = 0;
		};
		9636CE232AF35F6500F014C5 /* Resources */ = {
			isa = PBXResourcesBuildPhase;
			buildActionMask = 2147483647;
			files = (
			);
			runOnlyForDeploymentPostprocessing = 0;
		};
		9636CE2D2AF35F6500F014C5 /* Resources */ = {
			isa = PBXResourcesBuildPhase;
			buildActionMask = 2147483647;
			files = (
			);
			runOnlyForDeploymentPostprocessing = 0;
		};
/* End PBXResourcesBuildPhase section */

/* Begin PBXShellScriptBuildPhase section */
		8B70FA2B00DC4575B8AAA34C /* [CP] Copy Pods Resources */ = {
			isa = PBXShellScriptBuildPhase;
			buildActionMask = 2147483647;
			files = (
			);
			inputFileListPaths = (
				"${PODS_ROOT}/Target Support Files/Pods-SkateSpotsMap/Pods-SkateSpotsMap-resources-${CONFIGURATION}-input-files.xcfilelist",
			);
			name = "[CP] Copy Pods Resources";
			outputFileListPaths = (
				"${PODS_ROOT}/Target Support Files/Pods-SkateSpotsMap/Pods-SkateSpotsMap-resources-${CONFIGURATION}-output-files.xcfilelist",
			);
			runOnlyForDeploymentPostprocessing = 0;
			shellPath = /bin/sh;
			shellScript = "\"${PODS_ROOT}/Target Support Files/Pods-SkateSpotsMap/Pods-SkateSpotsMap-resources.sh\"\n";
			showEnvVarsInLog = 0;
		};
		9F6FE3C1DEE7AAB4ED0EEA64 /* [CP] Check Pods Manifest.lock */ = {
			isa = PBXShellScriptBuildPhase;
			buildActionMask = 2147483647;
			files = (
			);
			inputFileListPaths = (
			);
			inputPaths = (
				"${PODS_PODFILE_DIR_PATH}/Podfile.lock",
				"${PODS_ROOT}/Manifest.lock",
			);
			name = "[CP] Check Pods Manifest.lock";
			outputFileListPaths = (
			);
			outputPaths = (
				"$(DERIVED_FILE_DIR)/Pods-SkateSpotsMap-checkManifestLockResult.txt",
			);
			runOnlyForDeploymentPostprocessing = 0;
			shellPath = /bin/sh;
			shellScript = "diff \"${PODS_PODFILE_DIR_PATH}/Podfile.lock\" \"${PODS_ROOT}/Manifest.lock\" > /dev/null\nif [ $? != 0 ] ; then\n    # print error to STDERR\n    echo \"error: The sandbox is not in sync with the Podfile.lock. Run 'pod install' or update your CocoaPods installation.\" >&2\n    exit 1\nfi\n# This output is used by Xcode 'outputs' to avoid re-running this script phase.\necho \"SUCCESS\" > \"${SCRIPT_OUTPUT_FILE_0}\"\n";
			showEnvVarsInLog = 0;
		};
/* End PBXShellScriptBuildPhase section */

/* Begin PBXSourcesBuildPhase section */
		9636CE112AF35F5700F014C5 /* Sources */ = {
			isa = PBXSourcesBuildPhase;
			buildActionMask = 2147483647;
			files = (
				657B42A72AFA032400785EBF /* UserRepository.swift in Sources */,
				96D22F982AF6FBA600657EF2 /* SkateSpot.swift in Sources */,
				57266D9B2AFA9D2700DD9C69 /* NewSkateSpotView.swift in Sources */,
				57266DA52AFA9D5500DD9C69 /* NewReviewView.swift in Sources */,
				57266DB02AFAA6C400DD9C69 /* SkateSpotViewModel.swift in Sources */,
				965283402AF977C800E7299E /* Feature.swift in Sources */,
				57266D9D2AFA9D2F00DD9C69 /* SearchSpotsView.swift in Sources */,
				657B429F2AF9F4E800785EBF /* Tag.swift in Sources */,
				57266D992AFA9D1C00DD9C69 /* SearchBarView.swift in Sources */,
				965283422AF978D100E7299E /* Kickout.swift in Sources */,
				96D22F962AF6EF1F00657EF2 /* SkateSpotRepository.swift in Sources */,
				9699E6322AF373E100EF7FC2 /* GoogleMapView.swift in Sources */,
				57266D972AFA9D1200DD9C69 /* MapView.swift in Sources */,
				657B42A32AF9F99800785EBF /* Review.swift in Sources */,
				57266DA12AFA9D4200DD9C69 /* SkateSpotDetailView.swift in Sources */,
				9699E6302AF370A200EF7FC2 /* AppDelegate.swift in Sources */,
				657B42A52AFA00F500785EBF /* User.swift in Sources */,
				57266D9F2AFA9D3A00DD9C69 /* SkateSpotRowView.swift in Sources */,
				57266DA32AFA9D4B00DD9C69 /* ReviewListView.swift in Sources */,
				57266D952AFA9D0000DD9C69 /* AppView.swift in Sources */,
				657B42A12AF9F79700785EBF /* Reviewer.swift in Sources */,
				9636CE1B2AF35F5700F014C5 /* ContentView.swift in Sources */,
				57266DB22AFAA6D100DD9C69 /* ReviewViewModel.swift in Sources */,
				57266DB42AFAA6D900DD9C69 /* UserViewModel.swift in Sources */,
				9636CE192AF35F5700F014C5 /* SkateSpotsMapApp.swift in Sources */,
			);
			runOnlyForDeploymentPostprocessing = 0;
		};
		9636CE212AF35F6500F014C5 /* Sources */ = {
			isa = PBXSourcesBuildPhase;
			buildActionMask = 2147483647;
			files = (
				9636CE2A2AF35F6500F014C5 /* SkateSpotsMapTests.swift in Sources */,
			);
			runOnlyForDeploymentPostprocessing = 0;
		};
		9636CE2B2AF35F6500F014C5 /* Sources */ = {
			isa = PBXSourcesBuildPhase;
			buildActionMask = 2147483647;
			files = (
			);
			runOnlyForDeploymentPostprocessing = 0;
		};
/* End PBXSourcesBuildPhase section */

/* Begin PBXTargetDependency section */
		9636CE272AF35F6500F014C5 /* PBXTargetDependency */ = {
			isa = PBXTargetDependency;
			target = 9636CE142AF35F5700F014C5 /* SkateSpotsMap */;
			targetProxy = 9636CE262AF35F6500F014C5 /* PBXContainerItemProxy */;
		};
		9636CE312AF35F6500F014C5 /* PBXTargetDependency */ = {
			isa = PBXTargetDependency;
			target = 9636CE142AF35F5700F014C5 /* SkateSpotsMap */;
			targetProxy = 9636CE302AF35F6500F014C5 /* PBXContainerItemProxy */;
		};
/* End PBXTargetDependency section */

/* Begin XCBuildConfiguration section */
		9636CE372AF35F6500F014C5 /* Debug */ = {
			isa = XCBuildConfiguration;
			buildSettings = {
				ALWAYS_SEARCH_USER_PATHS = NO;
				CLANG_ANALYZER_NONNULL = YES;
				CLANG_ANALYZER_NUMBER_OBJECT_CONVERSION = YES_AGGRESSIVE;
				CLANG_CXX_LANGUAGE_STANDARD = "gnu++20";
				CLANG_ENABLE_MODULES = YES;
				CLANG_ENABLE_OBJC_ARC = YES;
				CLANG_ENABLE_OBJC_WEAK = YES;
				CLANG_WARN_BLOCK_CAPTURE_AUTORELEASING = YES;
				CLANG_WARN_BOOL_CONVERSION = YES;
				CLANG_WARN_COMMA = YES;
				CLANG_WARN_CONSTANT_CONVERSION = YES;
				CLANG_WARN_DEPRECATED_OBJC_IMPLEMENTATIONS = YES;
				CLANG_WARN_DIRECT_OBJC_ISA_USAGE = YES_ERROR;
				CLANG_WARN_DOCUMENTATION_COMMENTS = YES;
				CLANG_WARN_EMPTY_BODY = YES;
				CLANG_WARN_ENUM_CONVERSION = YES;
				CLANG_WARN_INFINITE_RECURSION = YES;
				CLANG_WARN_INT_CONVERSION = YES;
				CLANG_WARN_NON_LITERAL_NULL_CONVERSION = YES;
				CLANG_WARN_OBJC_IMPLICIT_RETAIN_SELF = YES;
				CLANG_WARN_OBJC_LITERAL_CONVERSION = YES;
				CLANG_WARN_OBJC_ROOT_CLASS = YES_ERROR;
				CLANG_WARN_QUOTED_INCLUDE_IN_FRAMEWORK_HEADER = YES;
				CLANG_WARN_RANGE_LOOP_ANALYSIS = YES;
				CLANG_WARN_STRICT_PROTOTYPES = YES;
				CLANG_WARN_SUSPICIOUS_MOVE = YES;
				CLANG_WARN_UNGUARDED_AVAILABILITY = YES_AGGRESSIVE;
				CLANG_WARN_UNREACHABLE_CODE = YES;
				CLANG_WARN__DUPLICATE_METHOD_MATCH = YES;
				COPY_PHASE_STRIP = NO;
				DEBUG_INFORMATION_FORMAT = dwarf;
				ENABLE_STRICT_OBJC_MSGSEND = YES;
				ENABLE_TESTABILITY = YES;
				GCC_C_LANGUAGE_STANDARD = gnu11;
				GCC_DYNAMIC_NO_PIC = NO;
				GCC_NO_COMMON_BLOCKS = YES;
				GCC_OPTIMIZATION_LEVEL = 0;
				GCC_PREPROCESSOR_DEFINITIONS = (
					"DEBUG=1",
					"$(inherited)",
				);
				GCC_WARN_64_TO_32_BIT_CONVERSION = YES;
				GCC_WARN_ABOUT_RETURN_TYPE = YES_ERROR;
				GCC_WARN_UNDECLARED_SELECTOR = YES;
				GCC_WARN_UNINITIALIZED_AUTOS = YES_AGGRESSIVE;
				GCC_WARN_UNUSED_FUNCTION = YES;
				GCC_WARN_UNUSED_VARIABLE = YES;
				IPHONEOS_DEPLOYMENT_TARGET = 16.2;
				MTL_ENABLE_DEBUG_INFO = INCLUDE_SOURCE;
				MTL_FAST_MATH = YES;
				ONLY_ACTIVE_ARCH = YES;
				SDKROOT = iphoneos;
				SWIFT_ACTIVE_COMPILATION_CONDITIONS = DEBUG;
				SWIFT_OPTIMIZATION_LEVEL = "-Onone";
			};
			name = Debug;
		};
		9636CE382AF35F6500F014C5 /* Release */ = {
			isa = XCBuildConfiguration;
			buildSettings = {
				ALWAYS_SEARCH_USER_PATHS = NO;
				CLANG_ANALYZER_NONNULL = YES;
				CLANG_ANALYZER_NUMBER_OBJECT_CONVERSION = YES_AGGRESSIVE;
				CLANG_CXX_LANGUAGE_STANDARD = "gnu++20";
				CLANG_ENABLE_MODULES = YES;
				CLANG_ENABLE_OBJC_ARC = YES;
				CLANG_ENABLE_OBJC_WEAK = YES;
				CLANG_WARN_BLOCK_CAPTURE_AUTORELEASING = YES;
				CLANG_WARN_BOOL_CONVERSION = YES;
				CLANG_WARN_COMMA = YES;
				CLANG_WARN_CONSTANT_CONVERSION = YES;
				CLANG_WARN_DEPRECATED_OBJC_IMPLEMENTATIONS = YES;
				CLANG_WARN_DIRECT_OBJC_ISA_USAGE = YES_ERROR;
				CLANG_WARN_DOCUMENTATION_COMMENTS = YES;
				CLANG_WARN_EMPTY_BODY = YES;
				CLANG_WARN_ENUM_CONVERSION = YES;
				CLANG_WARN_INFINITE_RECURSION = YES;
				CLANG_WARN_INT_CONVERSION = YES;
				CLANG_WARN_NON_LITERAL_NULL_CONVERSION = YES;
				CLANG_WARN_OBJC_IMPLICIT_RETAIN_SELF = YES;
				CLANG_WARN_OBJC_LITERAL_CONVERSION = YES;
				CLANG_WARN_OBJC_ROOT_CLASS = YES_ERROR;
				CLANG_WARN_QUOTED_INCLUDE_IN_FRAMEWORK_HEADER = YES;
				CLANG_WARN_RANGE_LOOP_ANALYSIS = YES;
				CLANG_WARN_STRICT_PROTOTYPES = YES;
				CLANG_WARN_SUSPICIOUS_MOVE = YES;
				CLANG_WARN_UNGUARDED_AVAILABILITY = YES_AGGRESSIVE;
				CLANG_WARN_UNREACHABLE_CODE = YES;
				CLANG_WARN__DUPLICATE_METHOD_MATCH = YES;
				COPY_PHASE_STRIP = NO;
				DEBUG_INFORMATION_FORMAT = "dwarf-with-dsym";
				ENABLE_NS_ASSERTIONS = NO;
				ENABLE_STRICT_OBJC_MSGSEND = YES;
				GCC_C_LANGUAGE_STANDARD = gnu11;
				GCC_NO_COMMON_BLOCKS = YES;
				GCC_WARN_64_TO_32_BIT_CONVERSION = YES;
				GCC_WARN_ABOUT_RETURN_TYPE = YES_ERROR;
				GCC_WARN_UNDECLARED_SELECTOR = YES;
				GCC_WARN_UNINITIALIZED_AUTOS = YES_AGGRESSIVE;
				GCC_WARN_UNUSED_FUNCTION = YES;
				GCC_WARN_UNUSED_VARIABLE = YES;
				IPHONEOS_DEPLOYMENT_TARGET = 16.2;
				MTL_ENABLE_DEBUG_INFO = NO;
				MTL_FAST_MATH = YES;
				SDKROOT = iphoneos;
				SWIFT_COMPILATION_MODE = wholemodule;
				SWIFT_OPTIMIZATION_LEVEL = "-O";
				VALIDATE_PRODUCT = YES;
			};
			name = Release;
		};
		9636CE3A2AF35F6500F014C5 /* Debug */ = {
			isa = XCBuildConfiguration;
			baseConfigurationReference = 3AD1F795D6D71255438CF639 /* Pods-SkateSpotsMap.debug.xcconfig */;
			buildSettings = {
				ASSETCATALOG_COMPILER_APPICON_NAME = AppIcon;
				ASSETCATALOG_COMPILER_GLOBAL_ACCENT_COLOR_NAME = AccentColor;
				CODE_SIGN_STYLE = Automatic;
				CURRENT_PROJECT_VERSION = 1;
				DEVELOPMENT_ASSET_PATHS = "\"SkateSpotsMap/Preview Content\"";
				ENABLE_PREVIEWS = YES;
				GENERATE_INFOPLIST_FILE = YES;
				INFOPLIST_FILE = SkateSpotsMap/Info.plist;
				INFOPLIST_KEY_UIApplicationSupportsIndirectInputEvents = YES;
				INFOPLIST_KEY_UILaunchScreen_Generation = YES;
				INFOPLIST_KEY_UISupportedInterfaceOrientations_iPad = "UIInterfaceOrientationPortrait UIInterfaceOrientationPortraitUpsideDown UIInterfaceOrientationLandscapeLeft UIInterfaceOrientationLandscapeRight";
				INFOPLIST_KEY_UISupportedInterfaceOrientations_iPhone = "UIInterfaceOrientationPortrait UIInterfaceOrientationLandscapeLeft UIInterfaceOrientationLandscapeRight";
				IPHONEOS_DEPLOYMENT_TARGET = 16.1;
				LD_RUNPATH_SEARCH_PATHS = (
					"$(inherited)",
					"@executable_path/Frameworks",
				);
				MARKETING_VERSION = 1.0;
				PRODUCT_BUNDLE_IDENTIFIER = skaterdevs.SkateSpotsMap;
				PRODUCT_NAME = "$(TARGET_NAME)";
				SWIFT_EMIT_LOC_STRINGS = YES;
				SWIFT_VERSION = 5.0;
				TARGETED_DEVICE_FAMILY = "1,2";
			};
			name = Debug;
		};
		9636CE3B2AF35F6500F014C5 /* Release */ = {
			isa = XCBuildConfiguration;
			baseConfigurationReference = 11D57FF5577BA985F5BF563C /* Pods-SkateSpotsMap.release.xcconfig */;
			buildSettings = {
				ASSETCATALOG_COMPILER_APPICON_NAME = AppIcon;
				ASSETCATALOG_COMPILER_GLOBAL_ACCENT_COLOR_NAME = AccentColor;
				CODE_SIGN_STYLE = Automatic;
				CURRENT_PROJECT_VERSION = 1;
				DEVELOPMENT_ASSET_PATHS = "\"SkateSpotsMap/Preview Content\"";
				ENABLE_PREVIEWS = YES;
				GENERATE_INFOPLIST_FILE = YES;
				INFOPLIST_FILE = SkateSpotsMap/Info.plist;
				INFOPLIST_KEY_UIApplicationSupportsIndirectInputEvents = YES;
				INFOPLIST_KEY_UILaunchScreen_Generation = YES;
				INFOPLIST_KEY_UISupportedInterfaceOrientations_iPad = "UIInterfaceOrientationPortrait UIInterfaceOrientationPortraitUpsideDown UIInterfaceOrientationLandscapeLeft UIInterfaceOrientationLandscapeRight";
				INFOPLIST_KEY_UISupportedInterfaceOrientations_iPhone = "UIInterfaceOrientationPortrait UIInterfaceOrientationLandscapeLeft UIInterfaceOrientationLandscapeRight";
				IPHONEOS_DEPLOYMENT_TARGET = 16.1;
				LD_RUNPATH_SEARCH_PATHS = (
					"$(inherited)",
					"@executable_path/Frameworks",
				);
				MARKETING_VERSION = 1.0;
				PRODUCT_BUNDLE_IDENTIFIER = skaterdevs.SkateSpotsMap;
				PRODUCT_NAME = "$(TARGET_NAME)";
				SWIFT_EMIT_LOC_STRINGS = YES;
				SWIFT_VERSION = 5.0;
				TARGETED_DEVICE_FAMILY = "1,2";
			};
			name = Release;
		};
		9636CE3D2AF35F6500F014C5 /* Debug */ = {
			isa = XCBuildConfiguration;
			buildSettings = {
				ALWAYS_EMBED_SWIFT_STANDARD_LIBRARIES = YES;
				BUNDLE_LOADER = "$(TEST_HOST)";
				CODE_SIGN_STYLE = Automatic;
				CURRENT_PROJECT_VERSION = 1;
				GENERATE_INFOPLIST_FILE = YES;
				IPHONEOS_DEPLOYMENT_TARGET = 16.2;
				MARKETING_VERSION = 1.0;
				PRODUCT_BUNDLE_IDENTIFIER = skaterdevs.SkateSpotsMapTests;
				PRODUCT_NAME = "$(TARGET_NAME)";
				SWIFT_EMIT_LOC_STRINGS = NO;
				SWIFT_VERSION = 5.0;
				TARGETED_DEVICE_FAMILY = "1,2";
				TEST_HOST = "$(BUILT_PRODUCTS_DIR)/SkateSpotsMap.app/$(BUNDLE_EXECUTABLE_FOLDER_PATH)/SkateSpotsMap";
			};
			name = Debug;
		};
		9636CE3E2AF35F6500F014C5 /* Release */ = {
			isa = XCBuildConfiguration;
			buildSettings = {
				ALWAYS_EMBED_SWIFT_STANDARD_LIBRARIES = YES;
				BUNDLE_LOADER = "$(TEST_HOST)";
				CODE_SIGN_STYLE = Automatic;
				CURRENT_PROJECT_VERSION = 1;
				GENERATE_INFOPLIST_FILE = YES;
				IPHONEOS_DEPLOYMENT_TARGET = 16.2;
				MARKETING_VERSION = 1.0;
				PRODUCT_BUNDLE_IDENTIFIER = skaterdevs.SkateSpotsMapTests;
				PRODUCT_NAME = "$(TARGET_NAME)";
				SWIFT_EMIT_LOC_STRINGS = NO;
				SWIFT_VERSION = 5.0;
				TARGETED_DEVICE_FAMILY = "1,2";
				TEST_HOST = "$(BUILT_PRODUCTS_DIR)/SkateSpotsMap.app/$(BUNDLE_EXECUTABLE_FOLDER_PATH)/SkateSpotsMap";
			};
			name = Release;
		};
		9636CE402AF35F6500F014C5 /* Debug */ = {
			isa = XCBuildConfiguration;
			buildSettings = {
				ALWAYS_EMBED_SWIFT_STANDARD_LIBRARIES = YES;
				CODE_SIGN_STYLE = Automatic;
				CURRENT_PROJECT_VERSION = 1;
				GENERATE_INFOPLIST_FILE = YES;
				MARKETING_VERSION = 1.0;
				PRODUCT_BUNDLE_IDENTIFIER = skaterdevs.SkateSpotsMapUITests;
				PRODUCT_NAME = "$(TARGET_NAME)";
				SWIFT_EMIT_LOC_STRINGS = NO;
				SWIFT_VERSION = 5.0;
				TARGETED_DEVICE_FAMILY = "1,2";
				TEST_TARGET_NAME = SkateSpotsMap;
			};
			name = Debug;
		};
		9636CE412AF35F6500F014C5 /* Release */ = {
			isa = XCBuildConfiguration;
			buildSettings = {
				ALWAYS_EMBED_SWIFT_STANDARD_LIBRARIES = YES;
				CODE_SIGN_STYLE = Automatic;
				CURRENT_PROJECT_VERSION = 1;
				GENERATE_INFOPLIST_FILE = YES;
				MARKETING_VERSION = 1.0;
				PRODUCT_BUNDLE_IDENTIFIER = skaterdevs.SkateSpotsMapUITests;
				PRODUCT_NAME = "$(TARGET_NAME)";
				SWIFT_EMIT_LOC_STRINGS = NO;
				SWIFT_VERSION = 5.0;
				TARGETED_DEVICE_FAMILY = "1,2";
				TEST_TARGET_NAME = SkateSpotsMap;
			};
			name = Release;
		};
/* End XCBuildConfiguration section */

/* Begin XCConfigurationList section */
		9636CE102AF35F5700F014C5 /* Build configuration list for PBXProject "SkateSpotsMap" */ = {
			isa = XCConfigurationList;
			buildConfigurations = (
				9636CE372AF35F6500F014C5 /* Debug */,
				9636CE382AF35F6500F014C5 /* Release */,
			);
			defaultConfigurationIsVisible = 0;
			defaultConfigurationName = Release;
		};
		9636CE392AF35F6500F014C5 /* Build configuration list for PBXNativeTarget "SkateSpotsMap" */ = {
			isa = XCConfigurationList;
			buildConfigurations = (
				9636CE3A2AF35F6500F014C5 /* Debug */,
				9636CE3B2AF35F6500F014C5 /* Release */,
			);
			defaultConfigurationIsVisible = 0;
			defaultConfigurationName = Release;
		};
		9636CE3C2AF35F6500F014C5 /* Build configuration list for PBXNativeTarget "SkateSpotsMapTests" */ = {
			isa = XCConfigurationList;
			buildConfigurations = (
				9636CE3D2AF35F6500F014C5 /* Debug */,
				9636CE3E2AF35F6500F014C5 /* Release */,
			);
			defaultConfigurationIsVisible = 0;
			defaultConfigurationName = Release;
		};
		9636CE3F2AF35F6500F014C5 /* Build configuration list for PBXNativeTarget "SkateSpotsMapUITests" */ = {
			isa = XCConfigurationList;
			buildConfigurations = (
				9636CE402AF35F6500F014C5 /* Debug */,
				9636CE412AF35F6500F014C5 /* Release */,
			);
			defaultConfigurationIsVisible = 0;
			defaultConfigurationName = Release;
		};
/* End XCConfigurationList section */
	};
	rootObject = 9636CE0D2AF35F5700F014C5 /* Project object */;
}
